
Microsoft Visual Studio Solution File, Format Version 12.00
# Visual Studio Version 17
VisualStudioVersion = 17.7.34024.191
MinimumVisualStudioVersion = 10.0.40219.1
Project("{FAE04EC0-301F-11D3-BF4B-00C04F79EFBC}") = "Personal Assistant", "Personal Assistant.csproj", "{4941A636-4350-4FA4-9715-C03377F6F418}"
EndProject
Global
	GlobalSection(SolutionConfigurationPlatforms) = preSolution
		Debug|Any CPU = Debug|Any CPU
		Release|Any CPU = Release|Any CPU
	EndGlobalSection
	GlobalSection(ProjectConfigurationPlatforms) = postSolution
		{4941A636-4350-4FA4-9715-C03377F6F418}.Debug|Any CPU.ActiveCfg = Debug|Any CPU
		{4941A636-4350-4FA4-9715-C03377F6F418}.Debug|Any CPU.Build.0 = Debug|Any CPU
		{4941A636-4350-4FA4-9715-C03377F6F418}.Release|Any CPU.ActiveCfg = Release|Any CPU
		{4941A636-4350-4FA4-9715-C03377F6F418}.Release|Any CPU.Build.0 = Release|Any CPU
	EndGlobalSection
	GlobalSection(SolutionProperties) = preSolution
		HideSolutionNode = FALSE
	EndGlobalSection
	GlobalSection(ExtensibilityGlobals) = postSolution
		SolutionGuid = {2C6CDE73-87A2-42DE-A8AB-658F0EF3E50A}
	EndGlobalSection
EndGlobal
